
Microsoft Visual Studio Solution File, Format Version 12.00
# Visual Studio Version 16
VisualStudioVersion = 16.0.33130.400
MinimumVisualStudioVersion = 10.0.40219.1
Project("{FAE04EC0-301F-11D3-BF4B-00C04F79EFBC}") = "admin", "admin\admin.csproj", "{3BD48EB4-911F-468F-AC6F-94191A4957C6}"
EndProject
Global
	GlobalSection(SolutionConfigurationPlatforms) = preSolution
		Debug|Any CPU = Debug|Any CPU
		Release|Any CPU = Release|Any CPU
	EndGlobalSection
	GlobalSection(ProjectConfigurationPlatforms) = postSolution
		{3BD48EB4-911F-468F-AC6F-94191A4957C6}.Debug|Any CPU.ActiveCfg = Debug|Any CPU
		{3BD48EB4-911F-468F-AC6F-94191A4957C6}.Debug|Any CPU.Build.0 = Debug|Any CPU
		{3BD48EB4-911F-468F-AC6F-94191A4957C6}.Release|Any CPU.ActiveCfg = Release|Any CPU
		{3BD48EB4-911F-468F-AC6F-94191A4957C6}.Release|Any CPU.Build.0 = Release|Any CPU
	EndGlobalSection
	GlobalSection(SolutionProperties) = preSolution
		HideSolutionNode = FALSE
	EndGlobalSection
	GlobalSection(ExtensibilityGlobals) = postSolution
		SolutionGuid = {3A28A90C-5F38-4649-91E4-EA08AD6B861D}
	EndGlobalSection
EndGlobal
